// !$*UTF8*$!
{
	archiveVersion = 1;
	classes = {
	};
	objectVersion = 46;
	objects = {

/* Begin PBXBuildFile section */
		056DACCBB35F84C288986541 /* Metal.framework */ = {isa = PBXBuildFile; fileRef = 4D8E641104DF78957EE8110D; settings = { ATTRIBUTES = (Weak, ); }; };
		12887836995149239BD0B218 /* hidAPI_IO.cpp */ = {isa = PBXBuildFile; fileRef = 5D4F7FFA3618FC92F22C6410; };
		168EC2BD77573E94476EE10D /* MainComponent.cpp */ = {isa = PBXBuildFile; fileRef = F9D44C63C22BAF796CE8ED49; };
		1CD59ED1B524B5F93651171F /* include_juce_core.mm */ = {isa = PBXBuildFile; fileRef = 73A2BC0024FF2CFE98EF54DA; };
		24425833CF9F13D2F27E34A3 /* XboxController_Input.cpp */ = {isa = PBXBuildFile; fileRef = 3C9DABB4B88263887347D0DB; };
		2B624F31B3FB3A99DA63FB38 /* include_juce_gui_extra.mm */ = {isa = PBXBuildFile; fileRef = 7E76CF2843E9D32EA651EA7C; };
		31B4E3AE540344DFBCDBF43D /* Foundation.framework */ = {isa = PBXBuildFile; fileRef = 59D7B2784C958621473D68CD; };
		354C5F422CE5FFAF6226252C /* Security.framework */ = {isa = PBXBuildFile; fileRef = A41A8D2C79EB7B3BE3F9DE16; };
		437662FEF65B7945765B603A /* QuartzCore.framework */ = {isa = PBXBuildFile; fileRef = 8EF1A5F445BF993323DA3736; };
		4CA43ADCE047933B4530F18C /* OSC_Sender.cpp */ = {isa = PBXBuildFile; fileRef = 9FE9FE8884B94A67398B7F64; };
		51480E87AFFD5751D02DB901 /* ListHID.cpp */ = {isa = PBXBuildFile; fileRef = 8B257BFFF4E6D90B0F3242F8; };
		52655D0A04683BB0ECBD40D9 /* include_juce_events.mm */ = {isa = PBXBuildFile; fileRef = 60F582DEFEF78E46596CE36A; };
		54F903276965C171E56BE237 /* HID_IO.cpp */ = {isa = PBXBuildFile; fileRef = 44F2038ED2E8C3F8B3311BAF; };
		58E1A012773B90B04E8345A2 /* include_juce_data_structures.mm */ = {isa = PBXBuildFile; fileRef = CC8AF84D7B98AB9A819CDE94; };
		70B96F558D89BB1710331EA0 /* WebKit.framework */ = {isa = PBXBuildFile; fileRef = 9B84F91106D5B1E7B99BD760; };
		798E6B3CE1C73DD5252C983A /* App */ = {isa = PBXBuildFile; fileRef = C5ED5E5221FE97E324529602; };
		7A0BB930522D134C4959EF80 /* XboxController_UI.cpp */ = {isa = PBXBuildFile; fileRef = 8D6C215FB0A3FFFB050F2B16; };
		7EEB93E10DCE47D8C650D8EE /* Main.cpp */ = {isa = PBXBuildFile; fileRef = A33E8D0C79428F78D1774F43; };
		84AD779BB766858C6EC2E709 /* include_juce_graphics.mm */ = {isa = PBXBuildFile; fileRef = 2C0DE1A72ED3BFE24A77848B; };
		9160E060DFB28A467407BEF3 /* OSC_Sender_UI.cpp */ = {isa = PBXBuildFile; fileRef = F541EC5CAC71F97FFCE87EEB; };
		916EEBF144F393F3D6DB5914 /* StickGUI.cpp */ = {isa = PBXBuildFile; fileRef = BBF288FFC40541D4C1D3AE1A; };
		9B5673E09190F96226F9DCFF /* IOKit.framework */ = {isa = PBXBuildFile; fileRef = 6703FBDD34240B55E3C6F196; };
		B151F5E5CB1A4F178686C26B /* MetalKit.framework */ = {isa = PBXBuildFile; fileRef = 619928B320E5DAD973D8BF05; settings = { ATTRIBUTES = (Weak, ); }; };
		B17F054EA1A8BADBFB7264FC /* DualSense_Input.cpp */ = {isa = PBXBuildFile; fileRef = C5F96CC5C6790B83DF77188E; };
		B68ECD2BD97EFEE0B56D9522 /* include_juce_gui_basics.mm */ = {isa = PBXBuildFile; fileRef = 5F1B2DA4751CDED59D653556; };
		C87D4760C84D3F70560EF1F9 /* RecentFilesMenuTemplate.nib */ = {isa = PBXBuildFile; fileRef = DF04D0A21A079C65549ECEB9; };
		D2B2951F34D6E02A7DCE3415 /* HIDMenu.cpp */ = {isa = PBXBuildFile; fileRef = 3BFF4447BE24D2522DE8BC5A; };
		D4F9F297134C31D4D9DBCD6F /* include_juce_osc.cpp */ = {isa = PBXBuildFile; fileRef = 6E4BF7F057E083E2043D45E3; };
		DA9805F5B7636E76A10E2363 /* DualSense_Output.cpp */ = {isa = PBXBuildFile; fileRef = 4F87F4A18294DFCDE34C0CFF; };
		EF06374FE80046B8972AD48A /* Cocoa.framework */ = {isa = PBXBuildFile; fileRef = 736646C43064F98E987B0FF6; };
/* End PBXBuildFile section */

/* Begin PBXFileReference section */
		01ADF8F7171770CBB5EC7B38 /* MainComponent.h */ /* MainComponent.h */ = {isa = PBXFileReference; lastKnownFileType = sourcecode.c.h; name = MainComponent.h; path = ../../Source/MainComponent.h; sourceTree = SOURCE_ROOT; };
		1BC1DBE43DEAF9AE28EBF369 /* juce_events */ /* juce_events */ = {isa = PBXFileReference; lastKnownFileType = folder; name = juce_events; path = /Users/hongshuofan/Documents/JUCE/modules/juce_events; sourceTree = "<absolute>"; };
		25ED4C4E18894EA65F700B79 /* XboxController_Input.h */ /* XboxController_Input.h */ = {isa = PBXFileReference; lastKnownFileType = sourcecode.c.h; name = XboxController_Input.h; path = ../../Source/XboxController_Input.h; sourceTree = SOURCE_ROOT; };
		2A13B06E2A1427B147937B02 /* juce_gui_basics */ /* juce_gui_basics */ = {isa = PBXFileReference; lastKnownFileType = folder; name = juce_gui_basics; path = /Users/hongshuofan/Documents/JUCE/modules/juce_gui_basics; sourceTree = "<absolute>"; };
		2C0DE1A72ED3BFE24A77848B /* include_juce_graphics.mm */ /* include_juce_graphics.mm */ = {isa = PBXFileReference; lastKnownFileType = sourcecode.cpp.objcpp; name = include_juce_graphics.mm; path = ../../JuceLibraryCode/include_juce_graphics.mm; sourceTree = SOURCE_ROOT; };
		2C69A46DEC99C52ED8CFDA9B /* XboxControllerState.h */ /* XboxControllerState.h */ = {isa = PBXFileReference; lastKnownFileType = sourcecode.c.h; name = XboxControllerState.h; path = ../../Source/XboxControllerState.h; sourceTree = SOURCE_ROOT; };
		3049057331B2B23EB6747254 /* StickGUI.h */ /* StickGUI.h */ = {isa = PBXFileReference; lastKnownFileType = sourcecode.c.h; name = StickGUI.h; path = ../../Source/StickGUI.h; sourceTree = SOURCE_ROOT; };
		31AAEF235CCB90B93C41819F /* juce_gui_extra */ /* juce_gui_extra */ = {isa = PBXFileReference; lastKnownFileType = folder; name = juce_gui_extra; path = /Users/hongshuofan/Documents/JUCE/modules/juce_gui_extra; sourceTree = "<absolute>"; };
		357255BCE00B80150326189B /* ListHID.h */ /* ListHID.h */ = {isa = PBXFileReference; lastKnownFileType = sourcecode.c.h; name = ListHID.h; path = ../../Source/ListHID.h; sourceTree = SOURCE_ROOT; };
		3B19C651B029D252CF366851 /* juce_data_structures */ /* juce_data_structures */ = {isa = PBXFileReference; lastKnownFileType = folder; name = juce_data_structures; path = /Users/hongshuofan/Documents/JUCE/modules/juce_data_structures; sourceTree = "<absolute>"; };
		3BFF4447BE24D2522DE8BC5A /* HIDMenu.cpp */ /* HIDMenu.cpp */ = {isa = PBXFileReference; lastKnownFileType = sourcecode.cpp.cpp; name = HIDMenu.cpp; path = ../../Source/HIDMenu.cpp; sourceTree = SOURCE_ROOT; };
		3C9DABB4B88263887347D0DB /* XboxController_Input.cpp */ /* XboxController_Input.cpp */ = {isa = PBXFileReference; lastKnownFileType = sourcecode.cpp.cpp; name = XboxController_Input.cpp; path = ../../Source/XboxController_Input.cpp; sourceTree = SOURCE_ROOT; };
		44F2038ED2E8C3F8B3311BAF /* HID_IO.cpp */ /* HID_IO.cpp */ = {isa = PBXFileReference; lastKnownFileType = sourcecode.cpp.cpp; name = HID_IO.cpp; path = ../../Source/HID_IO.cpp; sourceTree = SOURCE_ROOT; };
		4C12FD7E8FEEA9E15F722535 /* DualSense_Input.h */ /* DualSense_Input.h */ = {isa = PBXFileReference; lastKnownFileType = sourcecode.c.h; name = DualSense_Input.h; path = ../../Source/DualSense_Input.h; sourceTree = SOURCE_ROOT; };
		4D8E641104DF78957EE8110D /* Metal.framework */ /* Metal.framework */ = {isa = PBXFileReference; lastKnownFileType = wrapper.framework; name = Metal.framework; path = System/Library/Frameworks/Metal.framework; sourceTree = SDKROOT; };
		4F87F4A18294DFCDE34C0CFF /* DualSense_Output.cpp */ /* DualSense_Output.cpp */ = {isa = PBXFileReference; lastKnownFileType = sourcecode.cpp.cpp; name = DualSense_Output.cpp; path = ../../Source/DualSense_Output.cpp; sourceTree = SOURCE_ROOT; };
		59D7B2784C958621473D68CD /* Foundation.framework */ /* Foundation.framework */ = {isa = PBXFileReference; lastKnownFileType = wrapper.framework; name = Foundation.framework; path = System/Library/Frameworks/Foundation.framework; sourceTree = SDKROOT; };
		5D4F7FFA3618FC92F22C6410 /* hidAPI_IO.cpp */ /* hidAPI_IO.cpp */ = {isa = PBXFileReference; lastKnownFileType = sourcecode.cpp.cpp; name = hidAPI_IO.cpp; path = ../../Source/hidAPI_IO.cpp; sourceTree = SOURCE_ROOT; };
		5F1B2DA4751CDED59D653556 /* include_juce_gui_basics.mm */ /* include_juce_gui_basics.mm */ = {isa = PBXFileReference; lastKnownFileType = sourcecode.cpp.objcpp; name = include_juce_gui_basics.mm; path = ../../JuceLibraryCode/include_juce_gui_basics.mm; sourceTree = SOURCE_ROOT; };
		60F582DEFEF78E46596CE36A /* include_juce_events.mm */ /* include_juce_events.mm */ = {isa = PBXFileReference; lastKnownFileType = sourcecode.cpp.objcpp; name = include_juce_events.mm; path = ../../JuceLibraryCode/include_juce_events.mm; sourceTree = SOURCE_ROOT; };
		619928B320E5DAD973D8BF05 /* MetalKit.framework */ /* MetalKit.framework */ = {isa = PBXFileReference; lastKnownFileType = wrapper.framework; name = MetalKit.framework; path = System/Library/Frameworks/MetalKit.framework; sourceTree = SDKROOT; };
		6703FBDD34240B55E3C6F196 /* IOKit.framework */ /* IOKit.framework */ = {isa = PBXFileReference; lastKnownFileType = wrapper.framework; name = IOKit.framework; path = System/Library/Frameworks/IOKit.framework; sourceTree = SDKROOT; };
		68B87DD60338E256DC76A69B /* juce_graphics */ /* juce_graphics */ = {isa = PBXFileReference; lastKnownFileType = folder; name = juce_graphics; path = /Users/hongshuofan/Documents/JUCE/modules/juce_graphics; sourceTree = "<absolute>"; };
		6E2FBD0E7B1A625F3DB41E4D /* App.entitlements */ /* App.entitlements */ = {isa = PBXFileReference; lastKnownFileType = text.plist.xml; name = App.entitlements; path = App.entitlements; sourceTree = SOURCE_ROOT; };
		6E4BF7F057E083E2043D45E3 /* include_juce_osc.cpp */ /* include_juce_osc.cpp */ = {isa = PBXFileReference; lastKnownFileType = sourcecode.cpp.cpp; name = include_juce_osc.cpp; path = ../../JuceLibraryCode/include_juce_osc.cpp; sourceTree = SOURCE_ROOT; };
		736646C43064F98E987B0FF6 /* Cocoa.framework */ /* Cocoa.framework */ = {isa = PBXFileReference; lastKnownFileType = wrapper.framework; name = Cocoa.framework; path = System/Library/Frameworks/Cocoa.framework; sourceTree = SDKROOT; };
		73A2BC0024FF2CFE98EF54DA /* include_juce_core.mm */ /* include_juce_core.mm */ = {isa = PBXFileReference; lastKnownFileType = sourcecode.cpp.objcpp; name = include_juce_core.mm; path = ../../JuceLibraryCode/include_juce_core.mm; sourceTree = SOURCE_ROOT; };
		786A68D23C2DAF55D2A4FD9B /* OSC_Sender.h */ /* OSC_Sender.h */ = {isa = PBXFileReference; lastKnownFileType = sourcecode.c.h; name = OSC_Sender.h; path = ../../Source/OSC_Sender.h; sourceTree = SOURCE_ROOT; };
		7E76CF2843E9D32EA651EA7C /* include_juce_gui_extra.mm */ /* include_juce_gui_extra.mm */ = {isa = PBXFileReference; lastKnownFileType = sourcecode.cpp.objcpp; name = include_juce_gui_extra.mm; path = ../../JuceLibraryCode/include_juce_gui_extra.mm; sourceTree = SOURCE_ROOT; };
		8B257BFFF4E6D90B0F3242F8 /* ListHID.cpp */ /* ListHID.cpp */ = {isa = PBXFileReference; lastKnownFileType = sourcecode.cpp.cpp; name = ListHID.cpp; path = ../../Source/ListHID.cpp; sourceTree = SOURCE_ROOT; };
		8D6C215FB0A3FFFB050F2B16 /* XboxController_UI.cpp */ /* XboxController_UI.cpp */ = {isa = PBXFileReference; lastKnownFileType = sourcecode.cpp.cpp; name = XboxController_UI.cpp; path = ../../Source/XboxController_UI.cpp; sourceTree = SOURCE_ROOT; };
		8EF1A5F445BF993323DA3736 /* QuartzCore.framework */ /* QuartzCore.framework */ = {isa = PBXFileReference; lastKnownFileType = wrapper.framework; name = QuartzCore.framework; path = System/Library/Frameworks/QuartzCore.framework; sourceTree = SDKROOT; };
		8F745212082B93D241F5F1AA /* hidAPI_IO.h */ /* hidAPI_IO.h */ = {isa = PBXFileReference; lastKnownFileType = sourcecode.c.h; name = hidAPI_IO.h; path = ../../Source/hidAPI_IO.h; sourceTree = SOURCE_ROOT; };
		9B84F91106D5B1E7B99BD760 /* WebKit.framework */ /* WebKit.framework */ = {isa = PBXFileReference; lastKnownFileType = wrapper.framework; name = WebKit.framework; path = System/Library/Frameworks/WebKit.framework; sourceTree = SDKROOT; };
		9F0B7BC24E4A71EE50B31E2B /* Info-App.plist */ /* Info-App.plist */ = {isa = PBXFileReference; lastKnownFileType = text.plist.xml; name = "Info-App.plist"; path = "Info-App.plist"; sourceTree = SOURCE_ROOT; };
		9FE9FE8884B94A67398B7F64 /* OSC_Sender.cpp */ /* OSC_Sender.cpp */ = {isa = PBXFileReference; lastKnownFileType = sourcecode.cpp.cpp; name = OSC_Sender.cpp; path = ../../Source/OSC_Sender.cpp; sourceTree = SOURCE_ROOT; };
		A32F60142AABE304BC850D4B /* HIDMenu.h */ /* HIDMenu.h */ = {isa = PBXFileReference; lastKnownFileType = sourcecode.c.h; name = HIDMenu.h; path = ../../Source/HIDMenu.h; sourceTree = SOURCE_ROOT; };
		A33E8D0C79428F78D1774F43 /* Main.cpp */ /* Main.cpp */ = {isa = PBXFileReference; lastKnownFileType = sourcecode.cpp.cpp; name = Main.cpp; path = ../../Source/Main.cpp; sourceTree = SOURCE_ROOT; };
		A41A8D2C79EB7B3BE3F9DE16 /* Security.framework */ /* Security.framework */ = {isa = PBXFileReference; lastKnownFileType = wrapper.framework; name = Security.framework; path = System/Library/Frameworks/Security.framework; sourceTree = SDKROOT; };
		A9DA51F09B32FDF29BAA77AC /* XboxController_UI.h */ /* XboxController_UI.h */ = {isa = PBXFileReference; lastKnownFileType = sourcecode.c.h; name = XboxController_UI.h; path = ../../Source/XboxController_UI.h; sourceTree = SOURCE_ROOT; };
		AC14E912234BD08FF731E23C /* juce_osc */ /* juce_osc */ = {isa = PBXFileReference; lastKnownFileType = folder; name = juce_osc; path = /Users/hongshuofan/Documents/JUCE/modules/juce_osc; sourceTree = "<absolute>"; };
		B70A7A61274579060DE5E53E /* DualSenseState.h */ /* DualSenseState.h */ = {isa = PBXFileReference; lastKnownFileType = sourcecode.c.h; name = DualSenseState.h; path = ../../Source/DualSenseState.h; sourceTree = SOURCE_ROOT; };
		BBF288FFC40541D4C1D3AE1A /* StickGUI.cpp */ /* StickGUI.cpp */ = {isa = PBXFileReference; lastKnownFileType = sourcecode.cpp.cpp; name = StickGUI.cpp; path = ../../Source/StickGUI.cpp; sourceTree = SOURCE_ROOT; };
		C5ED5E5221FE97E324529602 /* App */ = {isa = PBXFileReference; explicitFileType = wrapper.application; includeInIndex = 0; path = PLAY.app; sourceTree = BUILT_PRODUCTS_DIR; };
		C5F96CC5C6790B83DF77188E /* DualSense_Input.cpp */ /* DualSense_Input.cpp */ = {isa = PBXFileReference; lastKnownFileType = sourcecode.cpp.cpp; name = DualSense_Input.cpp; path = ../../Source/DualSense_Input.cpp; sourceTree = SOURCE_ROOT; };
		C9D4D59B11CF7D07DECC1409 /* DualSense_Output.h */ /* DualSense_Output.h */ = {isa = PBXFileReference; lastKnownFileType = sourcecode.c.h; name = DualSense_Output.h; path = ../../Source/DualSense_Output.h; sourceTree = SOURCE_ROOT; };
		CB9822EFC560F7F33283D63B /* OSC_Sender_UI.h */ /* OSC_Sender_UI.h */ = {isa = PBXFileReference; lastKnownFileType = sourcecode.c.h; name = OSC_Sender_UI.h; path = ../../Source/OSC_Sender_UI.h; sourceTree = SOURCE_ROOT; };
		CC8AF84D7B98AB9A819CDE94 /* include_juce_data_structures.mm */ /* include_juce_data_structures.mm */ = {isa = PBXFileReference; lastKnownFileType = sourcecode.cpp.objcpp; name = include_juce_data_structures.mm; path = ../../JuceLibraryCode/include_juce_data_structures.mm; sourceTree = SOURCE_ROOT; };
		D5AD8F470B1BFEF2A0320D31 /* JuceHeader.h */ /* JuceHeader.h */ = {isa = PBXFileReference; lastKnownFileType = sourcecode.c.h; name = JuceHeader.h; path = ../../JuceLibraryCode/JuceHeader.h; sourceTree = SOURCE_ROOT; };
		DF04D0A21A079C65549ECEB9 /* RecentFilesMenuTemplate.nib */ /* RecentFilesMenuTemplate.nib */ = {isa = PBXFileReference; lastKnownFileType = file.nib; name = RecentFilesMenuTemplate.nib; path = RecentFilesMenuTemplate.nib; sourceTree = SOURCE_ROOT; };
		E76DFF909541EC9905DF7EF3 /* HID_IO.h */ /* HID_IO.h */ = {isa = PBXFileReference; lastKnownFileType = sourcecode.c.h; name = HID_IO.h; path = ../../Source/HID_IO.h; sourceTree = SOURCE_ROOT; };
		F1C452940280CE33FDD84A0E /* InputProvider.h */ /* InputProvider.h */ = {isa = PBXFileReference; lastKnownFileType = sourcecode.c.h; name = InputProvider.h; path = ../../Source/InputProvider.h; sourceTree = SOURCE_ROOT; };
		F444FED6CF8535FB7F5350CD /* juce_core */ /* juce_core */ = {isa = PBXFileReference; lastKnownFileType = folder; name = juce_core; path = /Users/hongshuofan/Documents/JUCE/modules/juce_core; sourceTree = "<absolute>"; };
		F541EC5CAC71F97FFCE87EEB /* OSC_Sender_UI.cpp */ /* OSC_Sender_UI.cpp */ = {isa = PBXFileReference; lastKnownFileType = sourcecode.cpp.cpp; name = OSC_Sender_UI.cpp; path = ../../Source/OSC_Sender_UI.cpp; sourceTree = SOURCE_ROOT; };
		F9D44C63C22BAF796CE8ED49 /* MainComponent.cpp */ /* MainComponent.cpp */ = {isa = PBXFileReference; lastKnownFileType = sourcecode.cpp.cpp; name = MainComponent.cpp; path = ../../Source/MainComponent.cpp; sourceTree = SOURCE_ROOT; };
/* End PBXFileReference section */

/* Begin PBXFrameworksBuildPhase section */
		A7BEADFE99D5787A20F34CCD = {
			isa = PBXFrameworksBuildPhase;
			buildActionMask = 2147483647;
			files = (
				EF06374FE80046B8972AD48A,
				31B4E3AE540344DFBCDBF43D,
				9B5673E09190F96226F9DCFF,
				437662FEF65B7945765B603A,
				354C5F422CE5FFAF6226252C,
				70B96F558D89BB1710331EA0,
				056DACCBB35F84C288986541,
				B151F5E5CB1A4F178686C26B,
			);
			runOnlyForDeploymentPostprocessing = 0;
		};
/* End PBXFrameworksBuildPhase section */

/* Begin PBXGroup section */
		438D2FC16F7F889B95956C21 /* PLAY */ = {
			isa = PBXGroup;
			children = (
				4B754B909D8EE3BF8517C13A,
				C5F96CC5C6790B83DF77188E,
				4C12FD7E8FEEA9E15F722535,
				4F87F4A18294DFCDE34C0CFF,
				C9D4D59B11CF7D07DECC1409,
				B70A7A61274579060DE5E53E,
				44F2038ED2E8C3F8B3311BAF,
				E76DFF909541EC9905DF7EF3,
				5D4F7FFA3618FC92F22C6410,
				8F745212082B93D241F5F1AA,
				3BFF4447BE24D2522DE8BC5A,
				A32F60142AABE304BC850D4B,
				F1C452940280CE33FDD84A0E,
				8B257BFFF4E6D90B0F3242F8,
				357255BCE00B80150326189B,
				9FE9FE8884B94A67398B7F64,
				786A68D23C2DAF55D2A4FD9B,
				F541EC5CAC71F97FFCE87EEB,
				CB9822EFC560F7F33283D63B,
				BBF288FFC40541D4C1D3AE1A,
				3049057331B2B23EB6747254,
				3C9DABB4B88263887347D0DB,
				25ED4C4E18894EA65F700B79,
				8D6C215FB0A3FFFB050F2B16,
				A9DA51F09B32FDF29BAA77AC,
				2C69A46DEC99C52ED8CFDA9B,
			);
			name = PLAY;
			sourceTree = "<group>";
		};
		4B754B909D8EE3BF8517C13A /* Source */ = {
			isa = PBXGroup;
			children = (
				A33E8D0C79428F78D1774F43,
				01ADF8F7171770CBB5EC7B38,
				F9D44C63C22BAF796CE8ED49,
			);
			name = Source;
			sourceTree = "<group>";
		};
		A3C4E3776C7963B30CCB6027 /* JUCE Modules */ = {
			isa = PBXGroup;
			children = (
				F444FED6CF8535FB7F5350CD,
				3B19C651B029D252CF366851,
				1BC1DBE43DEAF9AE28EBF369,
				68B87DD60338E256DC76A69B,
				2A13B06E2A1427B147937B02,
				31AAEF235CCB90B93C41819F,
				AC14E912234BD08FF731E23C,
			);
			name = "JUCE Modules";
			sourceTree = "<group>";
		};
		BC0D9B132F530B3FB2A7DE28 /* Resources */ = {
			isa = PBXGroup;
			children = (
				9F0B7BC24E4A71EE50B31E2B,
				DF04D0A21A079C65549ECEB9,
			);
			name = Resources;
			sourceTree = "<group>";
		};
		BD3C34B570128F1FA092592E /* JUCE Library Code */ = {
			isa = PBXGroup;
			children = (
				73A2BC0024FF2CFE98EF54DA,
				CC8AF84D7B98AB9A819CDE94,
				60F582DEFEF78E46596CE36A,
				2C0DE1A72ED3BFE24A77848B,
				5F1B2DA4751CDED59D653556,
				7E76CF2843E9D32EA651EA7C,
				6E4BF7F057E083E2043D45E3,
				D5AD8F470B1BFEF2A0320D31,
			);
			name = "JUCE Library Code";
			sourceTree = "<group>";
		};
		DA20D9A97099B94379A13525 /* Source */ = {
			isa = PBXGroup;
			children = (
				438D2FC16F7F889B95956C21,
				A3C4E3776C7963B30CCB6027,
				BD3C34B570128F1FA092592E,
				BC0D9B132F530B3FB2A7DE28,
				F208B6CCBDE41F06254B9BB5,
				DDAFFEC911558F738DEC1038,
			);
			name = Source;
			sourceTree = "<group>";
		};
		DDAFFEC911558F738DEC1038 /* Products */ = {
			isa = PBXGroup;
			children = (
				C5ED5E5221FE97E324529602,
			);
			name = Products;
			sourceTree = "<group>";
		};
		F208B6CCBDE41F06254B9BB5 /* Frameworks */ = {
			isa = PBXGroup;
			children = (
				736646C43064F98E987B0FF6,
				59D7B2784C958621473D68CD,
				6703FBDD34240B55E3C6F196,
				8EF1A5F445BF993323DA3736,
				A41A8D2C79EB7B3BE3F9DE16,
				9B84F91106D5B1E7B99BD760,
				4D8E641104DF78957EE8110D,
				619928B320E5DAD973D8BF05,
			);
			name = Frameworks;
			sourceTree = "<group>";
		};
/* End PBXGroup section */

/* Begin PBXNativeTarget section */
		73AF780D120A700794C22A65 /* PLAY - App */ = {
			isa = PBXNativeTarget;
			buildConfigurationList = CB1F5C6C555886E40C24D604;
			buildPhases = (
				E0DEEEADCB640470AF6D3F43,
				27BFCF31593E9E665C565600,
				A7BEADFE99D5787A20F34CCD,
			);
			buildRules = (
			);
			dependencies = (
			);
			name = "PLAY - App";
			productName = PLAY;
			productReference = C5ED5E5221FE97E324529602;
			productType = "com.apple.product-type.application";
		};
/* End PBXNativeTarget section */

/* Begin PBXProject section */
		7215E24E04209620C51D6C57 = {
			isa = PBXProject;
			attributes = {
				BuildIndependentTargetsInParallel = YES;
				LastUpgradeCheck = 1340;
				ORGANIZATIONNAME = "";
				TargetAttributes = {
					73AF780D120A700794C22A65 = {
						SystemCapabilities = {
							com.apple.ApplicationGroups.iOS = {
								enabled = 0;
							};
							com.apple.HardenedRuntime = {
								enabled = 0;
							};
							com.apple.InAppPurchase = {
								enabled = 0;
							};
							com.apple.InterAppAudio = {
								enabled = 0;
							};
							com.apple.Push = {
								enabled = 0;
							};
							com.apple.Sandbox = {
								enabled = 1;
							};
						};
					};
				};
			};
			buildConfigurationList = 49E6D8B659C614BECDABF15E;
			compatibilityVersion = "Xcode 3.2";
			hasScannedForEncodings = 0;
			knownRegions = (
				en,
				Base,
			);
			mainGroup = DA20D9A97099B94379A13525;
			projectDirPath = "";
			projectRoot = "";
			targets = (
				73AF780D120A700794C22A65,
			);
		};
/* End PBXProject section */

/* Begin PBXResourcesBuildPhase section */
		E0DEEEADCB640470AF6D3F43 = {
			isa = PBXResourcesBuildPhase;
			buildActionMask = 2147483647;
			files = (
				C87D4760C84D3F70560EF1F9,
			);
			runOnlyForDeploymentPostprocessing = 0;
		};
/* End PBXResourcesBuildPhase section */

/* Begin PBXSourcesBuildPhase section */
		27BFCF31593E9E665C565600 = {
			isa = PBXSourcesBuildPhase;
			buildActionMask = 2147483647;
			files = (
				7EEB93E10DCE47D8C650D8EE,
				168EC2BD77573E94476EE10D,
				B17F054EA1A8BADBFB7264FC,
				DA9805F5B7636E76A10E2363,
				54F903276965C171E56BE237,
				12887836995149239BD0B218,
				D2B2951F34D6E02A7DCE3415,
				51480E87AFFD5751D02DB901,
				4CA43ADCE047933B4530F18C,
				9160E060DFB28A467407BEF3,
				916EEBF144F393F3D6DB5914,
				24425833CF9F13D2F27E34A3,
				7A0BB930522D134C4959EF80,
				1CD59ED1B524B5F93651171F,
				58E1A012773B90B04E8345A2,
				52655D0A04683BB0ECBD40D9,
				84AD779BB766858C6EC2E709,
				B68ECD2BD97EFEE0B56D9522,
				2B624F31B3FB3A99DA63FB38,
				D4F9F297134C31D4D9DBCD6F,
			);
			runOnlyForDeploymentPostprocessing = 0;
		};
/* End PBXSourcesBuildPhase section */

/* Begin XCBuildConfiguration section */
		A47C0FD114C1BDE35DA3F4C2 /* Release */ = {
			isa = XCBuildConfiguration;
			buildSettings = {
				CLANG_CXX_LANGUAGE_STANDARD = "c++17";
				CLANG_CXX_LIBRARY = "libc++";
				CLANG_LINK_OBJC_RUNTIME = NO;
				CODE_SIGN_ENTITLEMENTS = "App.entitlements";
				COMBINE_HIDPI_IMAGES = YES;
				CONFIGURATION_BUILD_DIR = "$(PROJECT_DIR)/build/$(CONFIGURATION)";
				DEAD_CODE_STRIPPING = YES;
				EXCLUDED_ARCHS = "";
				GCC_GENERATE_DEBUGGING_SYMBOLS = NO;
				GCC_OPTIMIZATION_LEVEL = 3;
				GCC_PREPROCESSOR_DEFINITIONS = (
					"_NDEBUG=1",
					"NDEBUG=1",
					"JUCE_DISPLAY_SPLASH_SCREEN=1",
					"JUCE_USE_DARK_SPLASH_SCREEN=1",
					"JUCE_PROJUCER_VERSION=0x70009",
					"JUCE_MODULE_AVAILABLE_juce_core=1",
					"JUCE_MODULE_AVAILABLE_juce_data_structures=1",
					"JUCE_MODULE_AVAILABLE_juce_events=1",
					"JUCE_MODULE_AVAILABLE_juce_graphics=1",
					"JUCE_MODULE_AVAILABLE_juce_gui_basics=1",
					"JUCE_MODULE_AVAILABLE_juce_gui_extra=1",
					"JUCE_MODULE_AVAILABLE_juce_osc=1",
					"JUCE_GLOBAL_MODULE_SETTINGS_INCLUDED=1",
					"JUCE_STRICT_REFCOUNTEDPOINTER=1",
					"JUCE_STANDALONE_APPLICATION=1",
					"JUCER_XCODE_MAC_F6D2F4CF=1",
					"JUCE_APP_VERSION=1.0.0",
					"JUCE_APP_VERSION_HEX=0x10000",
					"JucePlugin_Build_VST=0",
					"JucePlugin_Build_VST3=0",
					"JucePlugin_Build_AU=0",
					"JucePlugin_Build_AUv3=0",
					"JucePlugin_Build_AAX=0",
					"JucePlugin_Build_Standalone=0",
					"JucePlugin_Build_Unity=0",
					"JucePlugin_Build_LV2=0",
				);
				GCC_VERSION = com.apple.compilers.llvm.clang.1_0;
				HEADER_SEARCH_PATHS = (
					"$(SRCROOT)/../../JuceLibraryCode",
					"/Users/hongshuofan/Documents/JUCE/modules",
					"$(inherited)",
				);
				INFOPLIST_FILE = Info-App.plist;
				INFOPLIST_PREPROCESS = NO;
				INSTALL_PATH = "$(HOME)/Applications";
				LLVM_LTO = YES;
				MACOSX_DEPLOYMENT_TARGET = 10.13;
				MTL_HEADER_SEARCH_PATHS = "$(SRCROOT)/../../JuceLibraryCode /Users/hongshuofan/Documents/JUCE/modules";
				OTHER_LDFLAGS = "-lhidapi";
				PRODUCT_BUNDLE_IDENTIFIER = com.yourcompany.PLAY;
				PRODUCT_NAME = "PLAY";
				USE_HEADERMAP = NO;
				VALID_ARCHS = "i386 x86_64 arm64 arm64e";
			};
			name = Release;
		};
		C05A723AB5CA644878C894FB /* Release */ = {
			isa = XCBuildConfiguration;
			buildSettings = {
				ALWAYS_SEARCH_USER_PATHS = NO;
				CLANG_ENABLE_OBJC_WEAK = YES;
				CLANG_WARN_BLOCK_CAPTURE_AUTORELEASING = YES;
				CLANG_WARN_BOOL_CONVERSION = YES;
				CLANG_WARN_COMMA = YES;
				CLANG_WARN_CONSTANT_CONVERSION = YES;
				CLANG_WARN_DEPRECATED_OBJC_IMPLEMENTATIONS = YES;
				CLANG_WARN_EMPTY_BODY = YES;
				CLANG_WARN_ENUM_CONVERSION = YES;
				CLANG_WARN_INFINITE_RECURSION = YES;
				CLANG_WARN_INT_CONVERSION = YES;
				CLANG_WARN_NON_LITERAL_NULL_CONVERSION = YES;
				CLANG_WARN_OBJC_IMPLICIT_RETAIN_SELF = YES;
				CLANG_WARN_OBJC_LITERAL_CONVERSION = YES;
				CLANG_WARN_RANGE_LOOP_ANALYSIS = YES;
				CLANG_WARN_STRICT_PROTOTYPES = YES;
				CLANG_WARN_SUSPICIOUS_MOVE = YES;
				CLANG_WARN_UNREACHABLE_CODE = YES;
				CLANG_WARN__DUPLICATE_METHOD_MATCH = YES;
				DEBUG_INFORMATION_FORMAT = dwarf;
				ENABLE_STRICT_OBJC_MSGSEND = YES;
				ENABLE_TESTABILITY = NO;
				GCC_C_LANGUAGE_STANDARD = c11;
				GCC_INLINES_ARE_PRIVATE_EXTERN = YES;
				GCC_MODEL_TUNING = G5;
				GCC_NO_COMMON_BLOCKS = YES;
				GCC_SYMBOLS_PRIVATE_EXTERN = YES;
				GCC_WARN_64_TO_32_BIT_CONVERSION = YES;
				GCC_WARN_ABOUT_RETURN_TYPE = YES;
				GCC_WARN_CHECK_SWITCH_STATEMENTS = YES;
				GCC_WARN_MISSING_PARENTHESES = YES;
				GCC_WARN_NON_VIRTUAL_DESTRUCTOR = YES;
				GCC_WARN_TYPECHECK_CALLS_TO_PRINTF = YES;
				GCC_WARN_UNDECLARED_SELECTOR = YES;
				GCC_WARN_UNINITIALIZED_AUTOS = YES;
				GCC_WARN_UNUSED_FUNCTION = YES;
				GCC_WARN_UNUSED_VARIABLE = YES;
				PRODUCT_NAME = "PLAY";
				SDKROOT = macosx;
				WARNING_CFLAGS = "-Wreorder";
				ZERO_LINK = NO;
			};
			name = Release;
		};
		D600A930537DA0984789A61C /* Debug */ = {
			isa = XCBuildConfiguration;
			buildSettings = {
				CLANG_CXX_LANGUAGE_STANDARD = "c++17";
				CLANG_CXX_LIBRARY = "libc++";
				CLANG_LINK_OBJC_RUNTIME = NO;
				CODE_SIGN_ENTITLEMENTS = "App.entitlements";
				COMBINE_HIDPI_IMAGES = YES;
				CONFIGURATION_BUILD_DIR = "$(PROJECT_DIR)/build/$(CONFIGURATION)";
				COPY_PHASE_STRIP = NO;
				EXCLUDED_ARCHS = "";
				GCC_DYNAMIC_NO_PIC = NO;
				GCC_OPTIMIZATION_LEVEL = 0;
				GCC_PREPROCESSOR_DEFINITIONS = (
					"_DEBUG=1",
					"DEBUG=1",
					"JUCE_DISPLAY_SPLASH_SCREEN=1",
					"JUCE_USE_DARK_SPLASH_SCREEN=1",
					"JUCE_PROJUCER_VERSION=0x70009",
					"JUCE_MODULE_AVAILABLE_juce_core=1",
					"JUCE_MODULE_AVAILABLE_juce_data_structures=1",
					"JUCE_MODULE_AVAILABLE_juce_events=1",
					"JUCE_MODULE_AVAILABLE_juce_graphics=1",
					"JUCE_MODULE_AVAILABLE_juce_gui_basics=1",
					"JUCE_MODULE_AVAILABLE_juce_gui_extra=1",
					"JUCE_MODULE_AVAILABLE_juce_osc=1",
					"JUCE_GLOBAL_MODULE_SETTINGS_INCLUDED=1",
					"JUCE_STRICT_REFCOUNTEDPOINTER=1",
					"JUCE_STANDALONE_APPLICATION=1",
					"JUCER_XCODE_MAC_F6D2F4CF=1",
					"JUCE_APP_VERSION=1.0.0",
					"JUCE_APP_VERSION_HEX=0x10000",
					"JucePlugin_Build_VST=0",
					"JucePlugin_Build_VST3=0",
					"JucePlugin_Build_AU=0",
					"JucePlugin_Build_AUv3=0",
					"JucePlugin_Build_AAX=0",
					"JucePlugin_Build_Standalone=0",
					"JucePlugin_Build_Unity=0",
					"JucePlugin_Build_LV2=0",
				);
				GCC_VERSION = com.apple.compilers.llvm.clang.1_0;
				HEADER_SEARCH_PATHS = (
					"$(SRCROOT)/../../JuceLibraryCode",
					"/Users/hongshuofan/Documents/JUCE/modules",
					"/usr/local/include/hidapi/",
					"$(inherited)",
				);
				INFOPLIST_FILE = Info-App.plist;
				INFOPLIST_PREPROCESS = NO;
				INSTALL_PATH = "$(HOME)/Applications";
				LIBRARY_SEARCH_PATHS = (
					"$(inherited)",
					"\"/usr/local/lib\"",
				);
				MACOSX_DEPLOYMENT_TARGET = 10.13;
				MTL_HEADER_SEARCH_PATHS = "$(SRCROOT)/../../JuceLibraryCode /Users/hongshuofan/Documents/JUCE/modules /usr/local/include/hidapi/";
				OTHER_LDFLAGS = "-lhidapi";
				PRODUCT_BUNDLE_IDENTIFIER = com.yourcompany.PLAY;
				PRODUCT_NAME = "PLAY";
				USE_HEADERMAP = NO;
				VALID_ARCHS = "i386 x86_64 arm64 arm64e";
			};
			name = Debug;
		};
		F744702DA24B6E6EDD7F5474 /* Debug */ = {
			isa = XCBuildConfiguration;
			buildSettings = {
				ALWAYS_SEARCH_USER_PATHS = NO;
				CLANG_ENABLE_OBJC_WEAK = YES;
				CLANG_WARN_BLOCK_CAPTURE_AUTORELEASING = YES;
				CLANG_WARN_BOOL_CONVERSION = YES;
				CLANG_WARN_COMMA = YES;
				CLANG_WARN_CONSTANT_CONVERSION = YES;
				CLANG_WARN_DEPRECATED_OBJC_IMPLEMENTATIONS = YES;
				CLANG_WARN_EMPTY_BODY = YES;
				CLANG_WARN_ENUM_CONVERSION = YES;
				CLANG_WARN_INFINITE_RECURSION = YES;
				CLANG_WARN_INT_CONVERSION = YES;
				CLANG_WARN_NON_LITERAL_NULL_CONVERSION = YES;
				CLANG_WARN_OBJC_IMPLICIT_RETAIN_SELF = YES;
				CLANG_WARN_OBJC_LITERAL_CONVERSION = YES;
				CLANG_WARN_RANGE_LOOP_ANALYSIS = YES;
				CLANG_WARN_STRICT_PROTOTYPES = YES;
				CLANG_WARN_SUSPICIOUS_MOVE = YES;
				CLANG_WARN_UNREACHABLE_CODE = YES;
				CLANG_WARN__DUPLICATE_METHOD_MATCH = YES;
				DEBUG_INFORMATION_FORMAT = dwarf;
				ENABLE_STRICT_OBJC_MSGSEND = YES;
				ENABLE_TESTABILITY = NO;
				GCC_C_LANGUAGE_STANDARD = c11;
				GCC_INLINES_ARE_PRIVATE_EXTERN = YES;
				GCC_MODEL_TUNING = G5;
				GCC_NO_COMMON_BLOCKS = YES;
				GCC_SYMBOLS_PRIVATE_EXTERN = YES;
				GCC_WARN_64_TO_32_BIT_CONVERSION = YES;
				GCC_WARN_ABOUT_RETURN_TYPE = YES;
				GCC_WARN_CHECK_SWITCH_STATEMENTS = YES;
				GCC_WARN_MISSING_PARENTHESES = YES;
				GCC_WARN_NON_VIRTUAL_DESTRUCTOR = YES;
				GCC_WARN_TYPECHECK_CALLS_TO_PRINTF = YES;
				GCC_WARN_UNDECLARED_SELECTOR = YES;
				GCC_WARN_UNINITIALIZED_AUTOS = YES;
				GCC_WARN_UNUSED_FUNCTION = YES;
				GCC_WARN_UNUSED_VARIABLE = YES;
				ONLY_ACTIVE_ARCH = YES;
				PRODUCT_NAME = "PLAY";
				SDKROOT = macosx;
				WARNING_CFLAGS = "-Wreorder";
				ZERO_LINK = NO;
			};
			name = Debug;
		};
/* End XCBuildConfiguration section */

/* Begin XCConfigurationList section */
		49E6D8B659C614BECDABF15E = {
			isa = XCConfigurationList;
			buildConfigurations = (
				C05A723AB5CA644878C894FB,
				F744702DA24B6E6EDD7F5474,
			);
			defaultConfigurationIsVisible = 0;
			defaultConfigurationName = Debug;
		};
		CB1F5C6C555886E40C24D604 = {
			isa = XCConfigurationList;
			buildConfigurations = (
				D600A930537DA0984789A61C,
				A47C0FD114C1BDE35DA3F4C2,
			);
			defaultConfigurationIsVisible = 0;
			defaultConfigurationName = Debug;
		};
/* End XCConfigurationList section */
	};
	rootObject = 7215E24E04209620C51D6C57 /* Project object */;
}
